
Microsoft Visual Studio Solution File, Format Version 12.00
# Visual Studio Version 17
VisualStudioVersion = 17.6.33717.318
MinimumVisualStudioVersion = 10.0.40219.1
Project("{FAE04EC0-301F-11D3-BF4B-00C04F79EFBC}") = "UniversityApiBackend", "UniversityApiBackend\UniversityApiBackend.csproj", "{BA834323-02DB-4A1E-9EA5-855FF92A6152}"
EndProject
Global
	GlobalSection(SolutionConfigurationPlatforms) = preSolution
		Debug|Any CPU = Debug|Any CPU
		Release|Any CPU = Release|Any CPU
	EndGlobalSection
	GlobalSection(ProjectConfigurationPlatforms) = postSolution
		{BA834323-02DB-4A1E-9EA5-855FF92A6152}.Debug|Any CPU.ActiveCfg = Debug|Any CPU
		{BA834323-02DB-4A1E-9EA5-855FF92A6152}.Debug|Any CPU.Build.0 = Debug|Any CPU
		{BA834323-02DB-4A1E-9EA5-855FF92A6152}.Release|Any CPU.ActiveCfg = Release|Any CPU
		{BA834323-02DB-4A1E-9EA5-855FF92A6152}.Release|Any CPU.Build.0 = Release|Any CPU
	EndGlobalSection
	GlobalSection(SolutionProperties) = preSolution
		HideSolutionNode = FALSE
	EndGlobalSection
	GlobalSection(ExtensibilityGlobals) = postSolution
		SolutionGuid = {7B27F9EA-32F4-4254-88A6-BE7FC52C4D3B}
	EndGlobalSection
EndGlobal
